
Microsoft Visual Studio Solution File, Format Version 12.00
# Visual Studio Version 17
VisualStudioVersion = 17.2.32616.157
MinimumVisualStudioVersion = 10.0.40219.1
Project("{FAE04EC0-301F-11D3-BF4B-00C04F79EFBC}") = "Dating Wep Api", "Dating Wep Api\Dating Wep Api.csproj", "{F5E73F38-2349-4D91-B403-1EF6179F256B}"
EndProject
Global
	GlobalSection(SolutionConfigurationPlatforms) = preSolution
		Debug|Any CPU = Debug|Any CPU
		Release|Any CPU = Release|Any CPU
	EndGlobalSection
	GlobalSection(ProjectConfigurationPlatforms) = postSolution
		{F5E73F38-2349-4D91-B403-1EF6179F256B}.Debug|Any CPU.ActiveCfg = Debug|Any CPU
		{F5E73F38-2349-4D91-B403-1EF6179F256B}.Debug|Any CPU.Build.0 = Debug|Any CPU
		{F5E73F38-2349-4D91-B403-1EF6179F256B}.Release|Any CPU.ActiveCfg = Release|Any CPU
		{F5E73F38-2349-4D91-B403-1EF6179F256B}.Release|Any CPU.Build.0 = Release|Any CPU
	EndGlobalSection
	GlobalSection(SolutionProperties) = preSolution
		HideSolutionNode = FALSE
	EndGlobalSection
	GlobalSection(ExtensibilityGlobals) = postSolution
		SolutionGuid = {1571D46D-B3D4-4A2E-99D5-C296F7D493EA}
	EndGlobalSection
EndGlobal
